// !$*UTF8*$!
{
	archiveVersion = 1;
	classes = {
	};
	objectVersion = 46;
	objects = {

/* Begin PBXBuildFile section */
		20CC551D16AD346900DEFB5C /* Localizable.strings in Resources */ = {isa = PBXBuildFile; fileRef = 20CC551F16AD346900DEFB5C /* Localizable.strings */; };
		9F55576815B4C6C3003072A3 /* QuartzCore.framework in Frameworks */ = {isa = PBXBuildFile; fileRef = 9F55576515B4C6B7003072A3 /* QuartzCore.framework */; };
		9F58D85115D66E870027902C /* UICustomNavigationBar.m in Sources */ = {isa = PBXBuildFile; fileRef = 9F58D84E15D66E870027902C /* UICustomNavigationBar.m */; };
		9F58D85215D66E870027902C /* UICustomNavigationController.m in Sources */ = {isa = PBXBuildFile; fileRef = 9F58D85015D66E870027902C /* UICustomNavigationController.m */; };
		9F5EB3BD15FCA3A100E13796 /* NSString+Extensions.m in Sources */ = {isa = PBXBuildFile; fileRef = 9F5EB3BC15FCA3A100E13796 /* NSString+Extensions.m */; };
		9FAB40DA162B13CF0088E9C1 /* UIColor+Extensions.m in Sources */ = {isa = PBXBuildFile; fileRef = 9FAB40D9162B13CF0088E9C1 /* UIColor+Extensions.m */; };
		9FF795A715B4C57E00899E51 /* ShelfViewController.m in Sources */ = {isa = PBXBuildFile; fileRef = 9FF795A615B4C57E00899E51 /* ShelfViewController.m */; };
		AB2317D4169F808000BE3BE7 /* PurchasesManager.m in Sources */ = {isa = PBXBuildFile; fileRef = AB2317D3169F808000BE3BE7 /* PurchasesManager.m */; };
		AB246A3116C5BC6E00715E25 /* NSMutableURLRequest+WebServiceClient.m in Sources */ = {isa = PBXBuildFile; fileRef = AB246A3016C5BC6E00715E25 /* NSMutableURLRequest+WebServiceClient.m */; };
		AB40048115B4B90200D87E2A /* MessageUI.framework in Frameworks */ = {isa = PBXBuildFile; fileRef = AB40048015B4B90200D87E2A /* MessageUI.framework */; };
		AB40048315B4B90A00D87E2A /* libz.dylib in Frameworks */ = {isa = PBXBuildFile; fileRef = AB40048215B4B90A00D87E2A /* libz.dylib */; };
		AB5D48D01609178900828D16 /* NewsstandKit.framework in Frameworks */ = {isa = PBXBuildFile; fileRef = AB5D48CD1609176A00828D16 /* NewsstandKit.framework */; };
		AB67F5BA16EE99B2005A04F6 /* Reachability.m in Sources */ = {isa = PBXBuildFile; fileRef = AB67F5B916EE99B2005A04F6 /* Reachability.m */; };
		AB67F5BC16EE9B79005A04F6 /* SystemConfiguration.framework in Frameworks */ = {isa = PBXBuildFile; fileRef = AB67F5BB16EE9B79005A04F6 /* SystemConfiguration.framework */; };
		ABABF1A81646C06100A75E67 /* StoreKit.framework in Frameworks */ = {isa = PBXBuildFile; fileRef = ABABF1A51646C04D00A75E67 /* StoreKit.framework */; };
		ABADF3F916C7BAD900F52F3C /* NSURL+Extensions.m in Sources */ = {isa = PBXBuildFile; fileRef = ABADF3F816C7BAD900F52F3C /* NSURL+Extensions.m */; };
		ABAFB58C15AB9A2E002FA498 /* UIKit.framework in Frameworks */ = {isa = PBXBuildFile; fileRef = ABAFB58B15AB9A2E002FA498 /* UIKit.framework */; };
		ABAFB58E15AB9A2E002FA498 /* Foundation.framework in Frameworks */ = {isa = PBXBuildFile; fileRef = ABAFB58D15AB9A2E002FA498 /* Foundation.framework */; };
		ABAFB59015AB9A2E002FA498 /* CoreGraphics.framework in Frameworks */ = {isa = PBXBuildFile; fileRef = ABAFB58F15AB9A2E002FA498 /* CoreGraphics.framework */; };
		ABAFB59815AB9A2E002FA498 /* main.m in Sources */ = {isa = PBXBuildFile; fileRef = ABAFB59715AB9A2E002FA498 /* main.m */; };
		ABAFB59C15AB9A2E002FA498 /* AppDelegate.m in Sources */ = {isa = PBXBuildFile; fileRef = ABAFB59B15AB9A2E002FA498 /* AppDelegate.m */; };
		ABBFD8F216C6614300BA64A4 /* NSString+UUID.m in Sources */ = {isa = PBXBuildFile; fileRef = ABBFD8F116C6614300BA64A4 /* NSString+UUID.m */; };
		ABC270D11616F3CB00AD97E9 /* IssuesManager.m in Sources */ = {isa = PBXBuildFile; fileRef = ABC270D01616F3CB00AD97E9 /* IssuesManager.m */; };
		ABD245531639E3650080F056 /* AVFoundation.framework in Frameworks */ = {isa = PBXBuildFile; fileRef = ABD245521639E3650080F056 /* AVFoundation.framework */; };
		ABD24C1E1620309B0042E49C /* IssueViewController.m in Sources */ = {isa = PBXBuildFile; fileRef = ABD24C1D1620309B0042E49C /* IssueViewController.m */; };
		ABD6FC4016544EAD0032BC44 /* NSData+Base64.m in Sources */ = {isa = PBXBuildFile; fileRef = ABD6FC3F16544EAD0032BC44 /* NSData+Base64.m */; };
		ABD7D45F1616FC5B008B13B5 /* BakerIssue.m in Sources */ = {isa = PBXBuildFile; fileRef = ABD7D45E1616FC5B008B13B5 /* BakerIssue.m */; };
		ABDC05B216A4CB3900F6B63D /* ShelfStatus.m in Sources */ = {isa = PBXBuildFile; fileRef = ABDC05B116A4CB3900F6B63D /* ShelfStatus.m */; };
		ABF23B1D1708418E003AA3B0 /* BakerAPI.m in Sources */ = {isa = PBXBuildFile; fileRef = ABF23B1C1708418E003AA3B0 /* BakerAPI.m */; };
		BF78D1B0180C8F070093DFBC /* BakerAssets.xcassets in Resources */ = {isa = PBXBuildFile; fileRef = BF78D1AF180C8F070093DFBC /* BakerAssets.xcassets */; };
		BFAB78D317B2A67E00E91ADE /* BakerAnalyticsEvents.m in Sources */ = {isa = PBXBuildFile; fileRef = BFAB78D217B2A67E00E91ADE /* BakerAnalyticsEvents.m */; };
		F92D436D18D0C65D0063F052 /* CGPDFDocument.m in Sources */ = {isa = PBXBuildFile; fileRef = F92D434618D0C65D0063F052 /* CGPDFDocument.m */; settings = {COMPILER_FLAGS = "-fobjc-arc"; }; };
		F92D436E18D0C65D0063F052 /* ReaderConstants.m in Sources */ = {isa = PBXBuildFile; fileRef = F92D434818D0C65D0063F052 /* ReaderConstants.m */; settings = {COMPILER_FLAGS = "-fobjc-arc"; }; };
		F92D436F18D0C65D0063F052 /* ReaderContentPage.m in Sources */ = {isa = PBXBuildFile; fileRef = F92D434A18D0C65D0063F052 /* ReaderContentPage.m */; settings = {COMPILER_FLAGS = "-fobjc-arc"; }; };
		F92D437018D0C65D0063F052 /* ReaderContentTile.m in Sources */ = {isa = PBXBuildFile; fileRef = F92D434C18D0C65D0063F052 /* ReaderContentTile.m */; settings = {COMPILER_FLAGS = "-fobjc-arc"; }; };
		F92D437118D0C65D0063F052 /* ReaderContentView.m in Sources */ = {isa = PBXBuildFile; fileRef = F92D434E18D0C65D0063F052 /* ReaderContentView.m */; settings = {COMPILER_FLAGS = "-fobjc-arc"; }; };
		F92D437218D0C65D0063F052 /* ReaderDocument.m in Sources */ = {isa = PBXBuildFile; fileRef = F92D435018D0C65D0063F052 /* ReaderDocument.m */; settings = {COMPILER_FLAGS = "-fobjc-arc"; }; };
		F92D437318D0C65D0063F052 /* ReaderDocumentOutline.m in Sources */ = {isa = PBXBuildFile; fileRef = F92D435218D0C65D0063F052 /* ReaderDocumentOutline.m */; settings = {COMPILER_FLAGS = "-fobjc-arc"; }; };
		F92D437418D0C65D0063F052 /* ReaderMainPagebar.m in Sources */ = {isa = PBXBuildFile; fileRef = F92D435418D0C65D0063F052 /* ReaderMainPagebar.m */; settings = {COMPILER_FLAGS = "-fobjc-arc"; }; };
		F92D437518D0C65D0063F052 /* ReaderMainToolbar.m in Sources */ = {isa = PBXBuildFile; fileRef = F92D435618D0C65D0063F052 /* ReaderMainToolbar.m */; settings = {COMPILER_FLAGS = "-fobjc-arc"; }; };
		F92D437618D0C65D0063F052 /* ReaderThumbCache.m in Sources */ = {isa = PBXBuildFile; fileRef = F92D435818D0C65D0063F052 /* ReaderThumbCache.m */; settings = {COMPILER_FLAGS = "-fobjc-arc"; }; };
		F92D437718D0C65D0063F052 /* ReaderThumbFetch.m in Sources */ = {isa = PBXBuildFile; fileRef = F92D435A18D0C65D0063F052 /* ReaderThumbFetch.m */; settings = {COMPILER_FLAGS = "-fobjc-arc"; }; };
		F92D437818D0C65D0063F052 /* ReaderThumbQueue.m in Sources */ = {isa = PBXBuildFile; fileRef = F92D435C18D0C65D0063F052 /* ReaderThumbQueue.m */; settings = {COMPILER_FLAGS = "-fobjc-arc"; }; };
		F92D437918D0C65D0063F052 /* ReaderThumbRender.m in Sources */ = {isa = PBXBuildFile; fileRef = F92D435E18D0C65D0063F052 /* ReaderThumbRender.m */; settings = {COMPILER_FLAGS = "-fobjc-arc"; }; };
		F92D437A18D0C65D0063F052 /* ReaderThumbRequest.m in Sources */ = {isa = PBXBuildFile; fileRef = F92D436018D0C65D0063F052 /* ReaderThumbRequest.m */; settings = {COMPILER_FLAGS = "-fobjc-arc"; }; };
		F92D437B18D0C65D0063F052 /* ReaderThumbsView.m in Sources */ = {isa = PBXBuildFile; fileRef = F92D436218D0C65D0063F052 /* ReaderThumbsView.m */; settings = {COMPILER_FLAGS = "-fobjc-arc"; }; };
		F92D437C18D0C65D0063F052 /* ReaderThumbView.m in Sources */ = {isa = PBXBuildFile; fileRef = F92D436418D0C65D0063F052 /* ReaderThumbView.m */; settings = {COMPILER_FLAGS = "-fobjc-arc"; }; };
		F92D437D18D0C65D0063F052 /* ReaderViewController.m in Sources */ = {isa = PBXBuildFile; fileRef = F92D436618D0C65D0063F052 /* ReaderViewController.m */; settings = {COMPILER_FLAGS = "-fobjc-arc"; }; };
		F92D437E18D0C65D0063F052 /* ThumbsMainToolbar.m in Sources */ = {isa = PBXBuildFile; fileRef = F92D436818D0C65D0063F052 /* ThumbsMainToolbar.m */; settings = {COMPILER_FLAGS = "-fobjc-arc"; }; };
		F92D437F18D0C65D0063F052 /* ThumbsViewController.m in Sources */ = {isa = PBXBuildFile; fileRef = F92D436A18D0C65D0063F052 /* ThumbsViewController.m */; settings = {COMPILER_FLAGS = "-fobjc-arc"; }; };
		F92D438018D0C65D0063F052 /* UIXToolbarView.m in Sources */ = {isa = PBXBuildFile; fileRef = F92D436C18D0C65D0063F052 /* UIXToolbarView.m */; settings = {COMPILER_FLAGS = "-fobjc-arc"; }; };
		F92D438218D0C8BD0063F052 /* ImageIO.framework in Frameworks */ = {isa = PBXBuildFile; fileRef = F92D438118D0C8BD0063F052 /* ImageIO.framework */; };
		F92D438518D0CBE40063F052 /* JSONStatus.m in Sources */ = {isa = PBXBuildFile; fileRef = F92D438418D0CBE40063F052 /* JSONStatus.m */; };
		F92D438818D0F9230063F052 /* Utils.m in Sources */ = {isa = PBXBuildFile; fileRef = F92D438718D0F9230063F052 /* Utils.m */; };
		F95E006B18D1830A0025ED95 /* InterceptorWindow.m in Sources */ = {isa = PBXBuildFile; fileRef = F95E006A18D1830A0025ED95 /* InterceptorWindow.m */; };
		F95E006E18D1880B0025ED95 /* InfoTableViewController.m in Sources */ = {isa = PBXBuildFile; fileRef = F95E006D18D1880B0025ED95 /* InfoTableViewController.m */; settings = {COMPILER_FLAGS = "-fobjc-arc"; }; };
		F96D1D0719FF881800B02EC6 /* InfoPlist.strings in Resources */ = {isa = PBXBuildFile; fileRef = F96D1D0919FF881800B02EC6 /* InfoPlist.strings */; };
		F96D1D0E19FF956D00B02EC6 /* newsstand-app-icon.png in Resources */ = {isa = PBXBuildFile; fileRef = F96D1D0B19FF956D00B02EC6 /* newsstand-app-icon.png */; };
		F96D1D0F19FF956D00B02EC6 /* newsstand-app-icon@2x.png in Resources */ = {isa = PBXBuildFile; fileRef = F96D1D0C19FF956D00B02EC6 /* newsstand-app-icon@2x.png */; };
		F96D1D1019FF956D00B02EC6 /* newsstand-app-icon@3x.png in Resources */ = {isa = PBXBuildFile; fileRef = F96D1D0D19FF956D00B02EC6 /* newsstand-app-icon@3x.png */; };
		F9DF237418E9A2BA0002B5EC /* InfoTextViewController.m in Sources */ = {isa = PBXBuildFile; fileRef = F9DF237318E9A2BA0002B5EC /* InfoTextViewController.m */; };
		F9DF237818E9A3560002B5EC /* TermsOfSubscription.txt in Resources */ = {isa = PBXBuildFile; fileRef = F9DF237518E9A3560002B5EC /* TermsOfSubscription.txt */; };
		F9DF237918E9A3560002B5EC /* PrivacyPolicy.txt in Resources */ = {isa = PBXBuildFile; fileRef = F9DF237618E9A3560002B5EC /* PrivacyPolicy.txt */; };
		F9DF237A18E9A3560002B5EC /* TermsAndConditions.txt in Resources */ = {isa = PBXBuildFile; fileRef = F9DF237718E9A3560002B5EC /* TermsAndConditions.txt */; };
/* End PBXBuildFile section */

/* Begin PBXFileReference section */
		20CC551E16AD346900DEFB5C /* en */ = {isa = PBXFileReference; lastKnownFileType = text.plist.strings; name = en; path = en.lproj/Localizable.strings; sourceTree = "<group>"; };
		9F55576515B4C6B7003072A3 /* QuartzCore.framework */ = {isa = PBXFileReference; lastKnownFileType = wrapper.framework; name = QuartzCore.framework; path = System/Library/Frameworks/QuartzCore.framework; sourceTree = SDKROOT; };
		9F58D84D15D66E870027902C /* UICustomNavigationBar.h */ = {isa = PBXFileReference; fileEncoding = 4; lastKnownFileType = sourcecode.c.h; path = UICustomNavigationBar.h; sourceTree = "<group>"; };
		9F58D84E15D66E870027902C /* UICustomNavigationBar.m */ = {isa = PBXFileReference; fileEncoding = 4; lastKnownFileType = sourcecode.c.objc; path = UICustomNavigationBar.m; sourceTree = "<group>"; };
		9F58D84F15D66E870027902C /* UICustomNavigationController.h */ = {isa = PBXFileReference; fileEncoding = 4; lastKnownFileType = sourcecode.c.h; path = UICustomNavigationController.h; sourceTree = "<group>"; };
		9F58D85015D66E870027902C /* UICustomNavigationController.m */ = {isa = PBXFileReference; fileEncoding = 4; lastKnownFileType = sourcecode.c.objc; path = UICustomNavigationController.m; sourceTree = "<group>"; };
		9F5EB3BB15FCA3A100E13796 /* NSString+Extensions.h */ = {isa = PBXFileReference; fileEncoding = 4; lastKnownFileType = sourcecode.c.h; path = "NSString+Extensions.h"; sourceTree = "<group>"; };
		9F5EB3BC15FCA3A100E13796 /* NSString+Extensions.m */ = {isa = PBXFileReference; fileEncoding = 4; lastKnownFileType = sourcecode.c.objc; path = "NSString+Extensions.m"; sourceTree = "<group>"; };
		9FAB40D8162B13CF0088E9C1 /* UIColor+Extensions.h */ = {isa = PBXFileReference; fileEncoding = 4; lastKnownFileType = sourcecode.c.h; path = "UIColor+Extensions.h"; sourceTree = "<group>"; };
		9FAB40D9162B13CF0088E9C1 /* UIColor+Extensions.m */ = {isa = PBXFileReference; fileEncoding = 4; lastKnownFileType = sourcecode.c.objc; path = "UIColor+Extensions.m"; sourceTree = "<group>"; };
		9FF795A515B4C57D00899E51 /* ShelfViewController.h */ = {isa = PBXFileReference; fileEncoding = 4; lastKnownFileType = sourcecode.c.h; path = ShelfViewController.h; sourceTree = "<group>"; };
		9FF795A615B4C57E00899E51 /* ShelfViewController.m */ = {isa = PBXFileReference; fileEncoding = 4; lastKnownFileType = sourcecode.c.objc; path = ShelfViewController.m; sourceTree = "<group>"; };
		AB2317D2169F808000BE3BE7 /* PurchasesManager.h */ = {isa = PBXFileReference; fileEncoding = 4; lastKnownFileType = sourcecode.c.h; path = PurchasesManager.h; sourceTree = "<group>"; };
		AB2317D3169F808000BE3BE7 /* PurchasesManager.m */ = {isa = PBXFileReference; fileEncoding = 4; lastKnownFileType = sourcecode.c.objc; path = PurchasesManager.m; sourceTree = "<group>"; };
		AB246A2F16C5BC6E00715E25 /* NSMutableURLRequest+WebServiceClient.h */ = {isa = PBXFileReference; fileEncoding = 4; lastKnownFileType = sourcecode.c.h; path = "NSMutableURLRequest+WebServiceClient.h"; sourceTree = "<group>"; };
		AB246A3016C5BC6E00715E25 /* NSMutableURLRequest+WebServiceClient.m */ = {isa = PBXFileReference; fileEncoding = 4; lastKnownFileType = sourcecode.c.objc; path = "NSMutableURLRequest+WebServiceClient.m"; sourceTree = "<group>"; };
		AB3496BB1661472A00AEB508 /* UIConstants.h */ = {isa = PBXFileReference; lastKnownFileType = sourcecode.c.h; path = UIConstants.h; sourceTree = "<group>"; };
		AB379313161759A900B4C1A3 /* Constants.h */ = {isa = PBXFileReference; fileEncoding = 4; lastKnownFileType = sourcecode.c.h; path = Constants.h; sourceTree = "<group>"; };
		AB40048015B4B90200D87E2A /* MessageUI.framework */ = {isa = PBXFileReference; lastKnownFileType = wrapper.framework; name = MessageUI.framework; path = System/Library/Frameworks/MessageUI.framework; sourceTree = SDKROOT; };
		AB40048215B4B90A00D87E2A /* libz.dylib */ = {isa = PBXFileReference; lastKnownFileType = "compiled.mach-o.dylib"; name = libz.dylib; path = usr/lib/libz.dylib; sourceTree = SDKROOT; };
		AB5D48CD1609176A00828D16 /* NewsstandKit.framework */ = {isa = PBXFileReference; lastKnownFileType = wrapper.framework; name = NewsstandKit.framework; path = System/Library/Frameworks/NewsstandKit.framework; sourceTree = SDKROOT; };
		AB67F5B816EE99B2005A04F6 /* Reachability.h */ = {isa = PBXFileReference; fileEncoding = 4; lastKnownFileType = sourcecode.c.h; path = Reachability.h; sourceTree = "<group>"; };
		AB67F5B916EE99B2005A04F6 /* Reachability.m */ = {isa = PBXFileReference; fileEncoding = 4; lastKnownFileType = sourcecode.c.objc; path = Reachability.m; sourceTree = "<group>"; };
		AB67F5BB16EE9B79005A04F6 /* SystemConfiguration.framework */ = {isa = PBXFileReference; lastKnownFileType = wrapper.framework; name = SystemConfiguration.framework; path = System/Library/Frameworks/SystemConfiguration.framework; sourceTree = SDKROOT; };
		ABABF1A51646C04D00A75E67 /* StoreKit.framework */ = {isa = PBXFileReference; lastKnownFileType = wrapper.framework; name = StoreKit.framework; path = System/Library/Frameworks/StoreKit.framework; sourceTree = SDKROOT; };
		ABADF3F716C7BAD900F52F3C /* NSURL+Extensions.h */ = {isa = PBXFileReference; fileEncoding = 4; lastKnownFileType = sourcecode.c.h; path = "NSURL+Extensions.h"; sourceTree = "<group>"; };
		ABADF3F816C7BAD900F52F3C /* NSURL+Extensions.m */ = {isa = PBXFileReference; fileEncoding = 4; lastKnownFileType = sourcecode.c.objc; path = "NSURL+Extensions.m"; sourceTree = "<group>"; };
		ABAFB58715AB9A2E002FA498 /* ISBaker.app */ = {isa = PBXFileReference; explicitFileType = wrapper.application; includeInIndex = 0; path = ISBaker.app; sourceTree = BUILT_PRODUCTS_DIR; };
		ABAFB58B15AB9A2E002FA498 /* UIKit.framework */ = {isa = PBXFileReference; lastKnownFileType = wrapper.framework; name = UIKit.framework; path = System/Library/Frameworks/UIKit.framework; sourceTree = SDKROOT; };
		ABAFB58D15AB9A2E002FA498 /* Foundation.framework */ = {isa = PBXFileReference; lastKnownFileType = wrapper.framework; name = Foundation.framework; path = System/Library/Frameworks/Foundation.framework; sourceTree = SDKROOT; };
		ABAFB58F15AB9A2E002FA498 /* CoreGraphics.framework */ = {isa = PBXFileReference; lastKnownFileType = wrapper.framework; name = CoreGraphics.framework; path = System/Library/Frameworks/CoreGraphics.framework; sourceTree = SDKROOT; };
		ABAFB59315AB9A2E002FA498 /* ISBaker-Info.plist */ = {isa = PBXFileReference; lastKnownFileType = text.plist.xml; path = "ISBaker-Info.plist"; sourceTree = "<group>"; };
		ABAFB59715AB9A2E002FA498 /* main.m */ = {isa = PBXFileReference; lastKnownFileType = sourcecode.c.objc; path = main.m; sourceTree = "<group>"; };
		ABAFB59915AB9A2E002FA498 /* ISBaker-Prefix.pch */ = {isa = PBXFileReference; lastKnownFileType = sourcecode.c.h; path = "ISBaker-Prefix.pch"; sourceTree = "<group>"; };
		ABAFB59A15AB9A2E002FA498 /* AppDelegate.h */ = {isa = PBXFileReference; lastKnownFileType = sourcecode.c.h; path = AppDelegate.h; sourceTree = "<group>"; };
		ABAFB59B15AB9A2E002FA498 /* AppDelegate.m */ = {isa = PBXFileReference; lastKnownFileType = sourcecode.c.objc; path = AppDelegate.m; sourceTree = "<group>"; };
		ABBFD8F016C6614300BA64A4 /* NSString+UUID.h */ = {isa = PBXFileReference; fileEncoding = 4; lastKnownFileType = sourcecode.c.h; path = "NSString+UUID.h"; sourceTree = "<group>"; };
		ABBFD8F116C6614300BA64A4 /* NSString+UUID.m */ = {isa = PBXFileReference; fileEncoding = 4; lastKnownFileType = sourcecode.c.objc; path = "NSString+UUID.m"; sourceTree = "<group>"; };
		ABC270CF1616F3CB00AD97E9 /* IssuesManager.h */ = {isa = PBXFileReference; fileEncoding = 4; lastKnownFileType = sourcecode.c.h; path = IssuesManager.h; sourceTree = "<group>"; };
		ABC270D01616F3CB00AD97E9 /* IssuesManager.m */ = {isa = PBXFileReference; fileEncoding = 4; lastKnownFileType = sourcecode.c.objc; path = IssuesManager.m; sourceTree = "<group>"; };
		ABD245521639E3650080F056 /* AVFoundation.framework */ = {isa = PBXFileReference; lastKnownFileType = wrapper.framework; name = AVFoundation.framework; path = System/Library/Frameworks/AVFoundation.framework; sourceTree = SDKROOT; };
		ABD24C1C1620309B0042E49C /* IssueViewController.h */ = {isa = PBXFileReference; fileEncoding = 4; lastKnownFileType = sourcecode.c.h; path = IssueViewController.h; sourceTree = "<group>"; };
		ABD24C1D1620309B0042E49C /* IssueViewController.m */ = {isa = PBXFileReference; fileEncoding = 4; lastKnownFileType = sourcecode.c.objc; path = IssueViewController.m; sourceTree = "<group>"; };
		ABD6FC3E16544EAD0032BC44 /* NSData+Base64.h */ = {isa = PBXFileReference; fileEncoding = 4; lastKnownFileType = sourcecode.c.h; path = "NSData+Base64.h"; sourceTree = "<group>"; };
		ABD6FC3F16544EAD0032BC44 /* NSData+Base64.m */ = {isa = PBXFileReference; fileEncoding = 4; lastKnownFileType = sourcecode.c.objc; path = "NSData+Base64.m"; sourceTree = "<group>"; };
		ABD7D45D1616FC5B008B13B5 /* BakerIssue.h */ = {isa = PBXFileReference; fileEncoding = 4; lastKnownFileType = sourcecode.c.h; path = BakerIssue.h; sourceTree = "<group>"; };
		ABD7D45E1616FC5B008B13B5 /* BakerIssue.m */ = {isa = PBXFileReference; fileEncoding = 4; lastKnownFileType = sourcecode.c.objc; path = BakerIssue.m; sourceTree = "<group>"; };
		ABDC05B016A4CB3900F6B63D /* ShelfStatus.h */ = {isa = PBXFileReference; fileEncoding = 4; lastKnownFileType = sourcecode.c.h; path = ShelfStatus.h; sourceTree = "<group>"; };
		ABDC05B116A4CB3900F6B63D /* ShelfStatus.m */ = {isa = PBXFileReference; fileEncoding = 4; lastKnownFileType = sourcecode.c.objc; path = ShelfStatus.m; sourceTree = "<group>"; };
		ABF23B1B1708418E003AA3B0 /* BakerAPI.h */ = {isa = PBXFileReference; fileEncoding = 4; lastKnownFileType = sourcecode.c.h; path = BakerAPI.h; sourceTree = "<group>"; };
		ABF23B1C1708418E003AA3B0 /* BakerAPI.m */ = {isa = PBXFileReference; fileEncoding = 4; lastKnownFileType = sourcecode.c.objc; path = BakerAPI.m; sourceTree = "<group>"; };
		BF78D1AF180C8F070093DFBC /* BakerAssets.xcassets */ = {isa = PBXFileReference; lastKnownFileType = folder.assetcatalog; name = BakerAssets.xcassets; path = Baker/BakerAssets.xcassets; sourceTree = "<group>"; };
		BFAB78D117B2A67E00E91ADE /* BakerAnalyticsEvents.h */ = {isa = PBXFileReference; fileEncoding = 4; lastKnownFileType = sourcecode.c.h; path = BakerAnalyticsEvents.h; sourceTree = "<group>"; };
		BFAB78D217B2A67E00E91ADE /* BakerAnalyticsEvents.m */ = {isa = PBXFileReference; fileEncoding = 4; lastKnownFileType = sourcecode.c.objc; path = BakerAnalyticsEvents.m; sourceTree = "<group>"; };
		F92D434518D0C65D0063F052 /* CGPDFDocument.h */ = {isa = PBXFileReference; fileEncoding = 4; lastKnownFileType = sourcecode.c.h; path = CGPDFDocument.h; sourceTree = "<group>"; };
		F92D434618D0C65D0063F052 /* CGPDFDocument.m */ = {isa = PBXFileReference; fileEncoding = 4; lastKnownFileType = sourcecode.c.objc; path = CGPDFDocument.m; sourceTree = "<group>"; };
		F92D434718D0C65D0063F052 /* ReaderConstants.h */ = {isa = PBXFileReference; fileEncoding = 4; lastKnownFileType = sourcecode.c.h; path = ReaderConstants.h; sourceTree = "<group>"; };
		F92D434818D0C65D0063F052 /* ReaderConstants.m */ = {isa = PBXFileReference; fileEncoding = 4; lastKnownFileType = sourcecode.c.objc; path = ReaderConstants.m; sourceTree = "<group>"; };
		F92D434918D0C65D0063F052 /* ReaderContentPage.h */ = {isa = PBXFileReference; fileEncoding = 4; lastKnownFileType = sourcecode.c.h; path = ReaderContentPage.h; sourceTree = "<group>"; };
		F92D434A18D0C65D0063F052 /* ReaderContentPage.m */ = {isa = PBXFileReference; fileEncoding = 4; lastKnownFileType = sourcecode.c.objc; path = ReaderContentPage.m; sourceTree = "<group>"; };
		F92D434B18D0C65D0063F052 /* ReaderContentTile.h */ = {isa = PBXFileReference; fileEncoding = 4; lastKnownFileType = sourcecode.c.h; path = ReaderContentTile.h; sourceTree = "<group>"; };
		F92D434C18D0C65D0063F052 /* ReaderContentTile.m */ = {isa = PBXFileReference; fileEncoding = 4; lastKnownFileType = sourcecode.c.objc; path = ReaderContentTile.m; sourceTree = "<group>"; };
		F92D434D18D0C65D0063F052 /* ReaderContentView.h */ = {isa = PBXFileReference; fileEncoding = 4; lastKnownFileType = sourcecode.c.h; path = ReaderContentView.h; sourceTree = "<group>"; };
		F92D434E18D0C65D0063F052 /* ReaderContentView.m */ = {isa = PBXFileReference; fileEncoding = 4; lastKnownFileType = sourcecode.c.objc; path = ReaderContentView.m; sourceTree = "<group>"; };
		F92D434F18D0C65D0063F052 /* ReaderDocument.h */ = {isa = PBXFileReference; fileEncoding = 4; lastKnownFileType = sourcecode.c.h; path = ReaderDocument.h; sourceTree = "<group>"; };
		F92D435018D0C65D0063F052 /* ReaderDocument.m */ = {isa = PBXFileReference; fileEncoding = 4; lastKnownFileType = sourcecode.c.objc; path = ReaderDocument.m; sourceTree = "<group>"; };
		F92D435118D0C65D0063F052 /* ReaderDocumentOutline.h */ = {isa = PBXFileReference; fileEncoding = 4; lastKnownFileType = sourcecode.c.h; path = ReaderDocumentOutline.h; sourceTree = "<group>"; };
		F92D435218D0C65D0063F052 /* ReaderDocumentOutline.m */ = {isa = PBXFileReference; fileEncoding = 4; lastKnownFileType = sourcecode.c.objc; path = ReaderDocumentOutline.m; sourceTree = "<group>"; };
		F92D435318D0C65D0063F052 /* ReaderMainPagebar.h */ = {isa = PBXFileReference; fileEncoding = 4; lastKnownFileType = sourcecode.c.h; path = ReaderMainPagebar.h; sourceTree = "<group>"; };
		F92D435418D0C65D0063F052 /* ReaderMainPagebar.m */ = {isa = PBXFileReference; fileEncoding = 4; lastKnownFileType = sourcecode.c.objc; path = ReaderMainPagebar.m; sourceTree = "<group>"; };
		F92D435518D0C65D0063F052 /* ReaderMainToolbar.h */ = {isa = PBXFileReference; fileEncoding = 4; lastKnownFileType = sourcecode.c.h; path = ReaderMainToolbar.h; sourceTree = "<group>"; };
		F92D435618D0C65D0063F052 /* ReaderMainToolbar.m */ = {isa = PBXFileReference; fileEncoding = 4; lastKnownFileType = sourcecode.c.objc; path = ReaderMainToolbar.m; sourceTree = "<group>"; };
		F92D435718D0C65D0063F052 /* ReaderThumbCache.h */ = {isa = PBXFileReference; fileEncoding = 4; lastKnownFileType = sourcecode.c.h; path = ReaderThumbCache.h; sourceTree = "<group>"; };
		F92D435818D0C65D0063F052 /* ReaderThumbCache.m */ = {isa = PBXFileReference; fileEncoding = 4; lastKnownFileType = sourcecode.c.objc; path = ReaderThumbCache.m; sourceTree = "<group>"; };
		F92D435918D0C65D0063F052 /* ReaderThumbFetch.h */ = {isa = PBXFileReference; fileEncoding = 4; lastKnownFileType = sourcecode.c.h; path = ReaderThumbFetch.h; sourceTree = "<group>"; };
		F92D435A18D0C65D0063F052 /* ReaderThumbFetch.m */ = {isa = PBXFileReference; fileEncoding = 4; lastKnownFileType = sourcecode.c.objc; path = ReaderThumbFetch.m; sourceTree = "<group>"; };
		F92D435B18D0C65D0063F052 /* ReaderThumbQueue.h */ = {isa = PBXFileReference; fileEncoding = 4; lastKnownFileType = sourcecode.c.h; path = ReaderThumbQueue.h; sourceTree = "<group>"; };
		F92D435C18D0C65D0063F052 /* ReaderThumbQueue.m */ = {isa = PBXFileReference; fileEncoding = 4; lastKnownFileType = sourcecode.c.objc; path = ReaderThumbQueue.m; sourceTree = "<group>"; };
		F92D435D18D0C65D0063F052 /* ReaderThumbRender.h */ = {isa = PBXFileReference; fileEncoding = 4; lastKnownFileType = sourcecode.c.h; path = ReaderThumbRender.h; sourceTree = "<group>"; };
		F92D435E18D0C65D0063F052 /* ReaderThumbRender.m */ = {isa = PBXFileReference; fileEncoding = 4; lastKnownFileType = sourcecode.c.objc; path = ReaderThumbRender.m; sourceTree = "<group>"; };
		F92D435F18D0C65D0063F052 /* ReaderThumbRequest.h */ = {isa = PBXFileReference; fileEncoding = 4; lastKnownFileType = sourcecode.c.h; path = ReaderThumbRequest.h; sourceTree = "<group>"; };
		F92D436018D0C65D0063F052 /* ReaderThumbRequest.m */ = {isa = PBXFileReference; fileEncoding = 4; lastKnownFileType = sourcecode.c.objc; path = ReaderThumbRequest.m; sourceTree = "<group>"; };
		F92D436118D0C65D0063F052 /* ReaderThumbsView.h */ = {isa = PBXFileReference; fileEncoding = 4; lastKnownFileType = sourcecode.c.h; path = ReaderThumbsView.h; sourceTree = "<group>"; };
		F92D436218D0C65D0063F052 /* ReaderThumbsView.m */ = {isa = PBXFileReference; fileEncoding = 4; lastKnownFileType = sourcecode.c.objc; path = ReaderThumbsView.m; sourceTree = "<group>"; };
		F92D436318D0C65D0063F052 /* ReaderThumbView.h */ = {isa = PBXFileReference; fileEncoding = 4; lastKnownFileType = sourcecode.c.h; path = ReaderThumbView.h; sourceTree = "<group>"; };
		F92D436418D0C65D0063F052 /* ReaderThumbView.m */ = {isa = PBXFileReference; fileEncoding = 4; lastKnownFileType = sourcecode.c.objc; path = ReaderThumbView.m; sourceTree = "<group>"; };
		F92D436518D0C65D0063F052 /* ReaderViewController.h */ = {isa = PBXFileReference; fileEncoding = 4; lastKnownFileType = sourcecode.c.h; path = ReaderViewController.h; sourceTree = "<group>"; };
		F92D436618D0C65D0063F052 /* ReaderViewController.m */ = {isa = PBXFileReference; fileEncoding = 4; lastKnownFileType = sourcecode.c.objc; path = ReaderViewController.m; sourceTree = "<group>"; };
		F92D436718D0C65D0063F052 /* ThumbsMainToolbar.h */ = {isa = PBXFileReference; fileEncoding = 4; lastKnownFileType = sourcecode.c.h; path = ThumbsMainToolbar.h; sourceTree = "<group>"; };
		F92D436818D0C65D0063F052 /* ThumbsMainToolbar.m */ = {isa = PBXFileReference; fileEncoding = 4; lastKnownFileType = sourcecode.c.objc; path = ThumbsMainToolbar.m; sourceTree = "<group>"; };
		F92D436918D0C65D0063F052 /* ThumbsViewController.h */ = {isa = PBXFileReference; fileEncoding = 4; lastKnownFileType = sourcecode.c.h; path = ThumbsViewController.h; sourceTree = "<group>"; };
		F92D436A18D0C65D0063F052 /* ThumbsViewController.m */ = {isa = PBXFileReference; fileEncoding = 4; lastKnownFileType = sourcecode.c.objc; path = ThumbsViewController.m; sourceTree = "<group>"; };
		F92D436B18D0C65D0063F052 /* UIXToolbarView.h */ = {isa = PBXFileReference; fileEncoding = 4; lastKnownFileType = sourcecode.c.h; path = UIXToolbarView.h; sourceTree = "<group>"; };
		F92D436C18D0C65D0063F052 /* UIXToolbarView.m */ = {isa = PBXFileReference; fileEncoding = 4; lastKnownFileType = sourcecode.c.objc; path = UIXToolbarView.m; sourceTree = "<group>"; };
		F92D438118D0C8BD0063F052 /* ImageIO.framework */ = {isa = PBXFileReference; lastKnownFileType = wrapper.framework; name = ImageIO.framework; path = System/Library/Frameworks/ImageIO.framework; sourceTree = SDKROOT; };
		F92D438318D0CBE40063F052 /* JSONStatus.h */ = {isa = PBXFileReference; fileEncoding = 4; lastKnownFileType = sourcecode.c.h; path = JSONStatus.h; sourceTree = "<group>"; };
		F92D438418D0CBE40063F052 /* JSONStatus.m */ = {isa = PBXFileReference; fileEncoding = 4; lastKnownFileType = sourcecode.c.objc; path = JSONStatus.m; sourceTree = "<group>"; };
		F92D438618D0F9230063F052 /* Utils.h */ = {isa = PBXFileReference; fileEncoding = 4; lastKnownFileType = sourcecode.c.h; path = Utils.h; sourceTree = "<group>"; };
		F92D438718D0F9230063F052 /* Utils.m */ = {isa = PBXFileReference; fileEncoding = 4; lastKnownFileType = sourcecode.c.objc; path = Utils.m; sourceTree = "<group>"; };
		F95E006918D1830A0025ED95 /* InterceptorWindow.h */ = {isa = PBXFileReference; fileEncoding = 4; lastKnownFileType = sourcecode.c.h; path = InterceptorWindow.h; sourceTree = "<group>"; };
		F95E006A18D1830A0025ED95 /* InterceptorWindow.m */ = {isa = PBXFileReference; fileEncoding = 4; lastKnownFileType = sourcecode.c.objc; path = InterceptorWindow.m; sourceTree = "<group>"; };
		F95E006C18D1880B0025ED95 /* InfoTableViewController.h */ = {isa = PBXFileReference; fileEncoding = 4; lastKnownFileType = sourcecode.c.h; path = InfoTableViewController.h; sourceTree = "<group>"; };
		F95E006D18D1880B0025ED95 /* InfoTableViewController.m */ = {isa = PBXFileReference; fileEncoding = 4; lastKnownFileType = sourcecode.c.objc; path = InfoTableViewController.m; sourceTree = "<group>"; };
		F96D1D0819FF881800B02EC6 /* ru */ = {isa = PBXFileReference; lastKnownFileType = text.plist.strings; name = ru; path = ru.lproj/InfoPlist.strings; sourceTree = "<group>"; };
		F96D1D0A19FF881A00B02EC6 /* en */ = {isa = PBXFileReference; lastKnownFileType = text.plist.strings; name = en; path = en.lproj/InfoPlist.strings; sourceTree = "<group>"; };
		F96D1D0B19FF956D00B02EC6 /* newsstand-app-icon.png */ = {isa = PBXFileReference; lastKnownFileType = image.png; name = "newsstand-app-icon.png"; path = "Baker/BakerAssets.xcassets/newsstand-app-icon.imageset/newsstand-app-icon.png"; sourceTree = "<group>"; };
		F96D1D0C19FF956D00B02EC6 /* newsstand-app-icon@2x.png */ = {isa = PBXFileReference; lastKnownFileType = image.png; name = "newsstand-app-icon@2x.png"; path = "Baker/BakerAssets.xcassets/newsstand-app-icon.imageset/newsstand-app-icon@2x.png"; sourceTree = "<group>"; };
		F96D1D0D19FF956D00B02EC6 /* newsstand-app-icon@3x.png */ = {isa = PBXFileReference; lastKnownFileType = image.png; name = "newsstand-app-icon@3x.png"; path = "Baker/BakerAssets.xcassets/newsstand-app-icon.imageset/newsstand-app-icon@3x.png"; sourceTree = "<group>"; };
		F9DA96F919FE8EF400AAD23A /* ru */ = {isa = PBXFileReference; lastKnownFileType = text.plist.strings; name = ru; path = ru.lproj/Localizable.strings; sourceTree = "<group>"; };
		F9DF237218E9A2BA0002B5EC /* InfoTextViewController.h */ = {isa = PBXFileReference; fileEncoding = 4; lastKnownFileType = sourcecode.c.h; path = InfoTextViewController.h; sourceTree = "<group>"; };
		F9DF237318E9A2BA0002B5EC /* InfoTextViewController.m */ = {isa = PBXFileReference; fileEncoding = 4; lastKnownFileType = sourcecode.c.objc; path = InfoTextViewController.m; sourceTree = "<group>"; };
		F9DF237518E9A3560002B5EC /* TermsOfSubscription.txt */ = {isa = PBXFileReference; fileEncoding = 4; lastKnownFileType = text; path = TermsOfSubscription.txt; sourceTree = "<group>"; };
		F9DF237618E9A3560002B5EC /* PrivacyPolicy.txt */ = {isa = PBXFileReference; fileEncoding = 4; lastKnownFileType = text; path = PrivacyPolicy.txt; sourceTree = "<group>"; };
		F9DF237718E9A3560002B5EC /* TermsAndConditions.txt */ = {isa = PBXFileReference; fileEncoding = 4; lastKnownFileType = text; path = TermsAndConditions.txt; sourceTree = "<group>"; };
/* End PBXFileReference section */

/* Begin PBXFrameworksBuildPhase section */
		ABAFB58415AB9A2E002FA498 /* Frameworks */ = {
			isa = PBXFrameworksBuildPhase;
			buildActionMask = 2147483647;
			files = (
				F92D438218D0C8BD0063F052 /* ImageIO.framework in Frameworks */,
				AB67F5BC16EE9B79005A04F6 /* SystemConfiguration.framework in Frameworks */,
				ABD245531639E3650080F056 /* AVFoundation.framework in Frameworks */,
				ABABF1A81646C06100A75E67 /* StoreKit.framework in Frameworks */,
				AB5D48D01609178900828D16 /* NewsstandKit.framework in Frameworks */,
				ABAFB58C15AB9A2E002FA498 /* UIKit.framework in Frameworks */,
				ABAFB58E15AB9A2E002FA498 /* Foundation.framework in Frameworks */,
				ABAFB59015AB9A2E002FA498 /* CoreGraphics.framework in Frameworks */,
				9F55576815B4C6C3003072A3 /* QuartzCore.framework in Frameworks */,
				AB40048115B4B90200D87E2A /* MessageUI.framework in Frameworks */,
				AB40048315B4B90A00D87E2A /* libz.dylib in Frameworks */,
			);
			runOnlyForDeploymentPostprocessing = 0;
		};
/* End PBXFrameworksBuildPhase section */

/* Begin PBXGroup section */
		9F58D85E15D6743C0027902C /* img */ = {
			isa = PBXGroup;
			children = (
			);
			path = img;
			sourceTree = "<group>";
		};
		9FF7957E15B4C4F600899E51 /* lib */ = {
			isa = PBXGroup;
			children = (
				ABD6FC3E16544EAD0032BC44 /* NSData+Base64.h */,
				ABD6FC3F16544EAD0032BC44 /* NSData+Base64.m */,
				9F5EB3BB15FCA3A100E13796 /* NSString+Extensions.h */,
				9F5EB3BC15FCA3A100E13796 /* NSString+Extensions.m */,
				9FAB40D8162B13CF0088E9C1 /* UIColor+Extensions.h */,
				9FAB40D9162B13CF0088E9C1 /* UIColor+Extensions.m */,
				AB246A2F16C5BC6E00715E25 /* NSMutableURLRequest+WebServiceClient.h */,
				AB246A3016C5BC6E00715E25 /* NSMutableURLRequest+WebServiceClient.m */,
				ABBFD8F016C6614300BA64A4 /* NSString+UUID.h */,
				ABBFD8F116C6614300BA64A4 /* NSString+UUID.m */,
				ABADF3F716C7BAD900F52F3C /* NSURL+Extensions.h */,
				ABADF3F816C7BAD900F52F3C /* NSURL+Extensions.m */,
				AB67F5B816EE99B2005A04F6 /* Reachability.h */,
				AB67F5B916EE99B2005A04F6 /* Reachability.m */,
				F92D438318D0CBE40063F052 /* JSONStatus.h */,
				F92D438418D0CBE40063F052 /* JSONStatus.m */,
				F92D438618D0F9230063F052 /* Utils.h */,
				F92D438718D0F9230063F052 /* Utils.m */,
			);
			path = lib;
			sourceTree = "<group>";
		};
		AB40047B15B4B8B800D87E2A /* BakerShelf */ = {
			isa = PBXGroup;
			children = (
				AB379313161759A900B4C1A3 /* Constants.h */,
				AB3496BB1661472A00AEB508 /* UIConstants.h */,
				9F58D85E15D6743C0027902C /* img */,
				9FF7957E15B4C4F600899E51 /* lib */,
				ABD7D45D1616FC5B008B13B5 /* BakerIssue.h */,
				ABD7D45E1616FC5B008B13B5 /* BakerIssue.m */,
				ABC270CF1616F3CB00AD97E9 /* IssuesManager.h */,
				ABC270D01616F3CB00AD97E9 /* IssuesManager.m */,
				ABD24C1C1620309B0042E49C /* IssueViewController.h */,
				ABD24C1D1620309B0042E49C /* IssueViewController.m */,
				AB2317D2169F808000BE3BE7 /* PurchasesManager.h */,
				AB2317D3169F808000BE3BE7 /* PurchasesManager.m */,
				ABDC05B016A4CB3900F6B63D /* ShelfStatus.h */,
				ABDC05B116A4CB3900F6B63D /* ShelfStatus.m */,
				9FF795A515B4C57D00899E51 /* ShelfViewController.h */,
				9FF795A615B4C57E00899E51 /* ShelfViewController.m */,
				9F58D84D15D66E870027902C /* UICustomNavigationBar.h */,
				9F58D84E15D66E870027902C /* UICustomNavigationBar.m */,
				9F58D84F15D66E870027902C /* UICustomNavigationController.h */,
				9F58D85015D66E870027902C /* UICustomNavigationController.m */,
				ABF23B1B1708418E003AA3B0 /* BakerAPI.h */,
				ABF23B1C1708418E003AA3B0 /* BakerAPI.m */,
				F95E006918D1830A0025ED95 /* InterceptorWindow.h */,
				F95E006A18D1830A0025ED95 /* InterceptorWindow.m */,
				F95E006C18D1880B0025ED95 /* InfoTableViewController.h */,
				F95E006D18D1880B0025ED95 /* InfoTableViewController.m */,
				F9DF237218E9A2BA0002B5EC /* InfoTextViewController.h */,
				F9DF237318E9A2BA0002B5EC /* InfoTextViewController.m */,
			);
			path = BakerShelf;
			sourceTree = "<group>";
		};
		ABAFB57C15AB9A2E002FA498 = {
			isa = PBXGroup;
			children = (
				F96D1D0B19FF956D00B02EC6 /* newsstand-app-icon.png */,
				F96D1D0C19FF956D00B02EC6 /* newsstand-app-icon@2x.png */,
				F96D1D0D19FF956D00B02EC6 /* newsstand-app-icon@3x.png */,
				F92D434418D0C65D0063F052 /* PDFReader */,
				BF78D1AF180C8F070093DFBC /* BakerAssets.xcassets */,
				AB40047B15B4B8B800D87E2A /* BakerShelf */,
				ABAFB59115AB9A2E002FA498 /* Baker */,
				ABAFB58A15AB9A2E002FA498 /* Frameworks */,
				ABAFB58815AB9A2E002FA498 /* Products */,
			);
			sourceTree = "<group>";
		};
		ABAFB58815AB9A2E002FA498 /* Products */ = {
			isa = PBXGroup;
			children = (
				ABAFB58715AB9A2E002FA498 /* ISBaker.app */,
			);
			name = Products;
			sourceTree = "<group>";
		};
		ABAFB58A15AB9A2E002FA498 /* Frameworks */ = {
			isa = PBXGroup;
			children = (
				ABD245521639E3650080F056 /* AVFoundation.framework */,
				F92D438118D0C8BD0063F052 /* ImageIO.framework */,
				AB67F5BB16EE9B79005A04F6 /* SystemConfiguration.framework */,
				ABABF1A51646C04D00A75E67 /* StoreKit.framework */,
				AB5D48CD1609176A00828D16 /* NewsstandKit.framework */,
				ABAFB58B15AB9A2E002FA498 /* UIKit.framework */,
				ABAFB58D15AB9A2E002FA498 /* Foundation.framework */,
				ABAFB58F15AB9A2E002FA498 /* CoreGraphics.framework */,
				9F55576515B4C6B7003072A3 /* QuartzCore.framework */,
				AB40048015B4B90200D87E2A /* MessageUI.framework */,
				AB40048215B4B90A00D87E2A /* libz.dylib */,
			);
			name = Frameworks;
			sourceTree = "<group>";
		};
		ABAFB59115AB9A2E002FA498 /* Baker */ = {
			isa = PBXGroup;
			children = (
				ABAFB59A15AB9A2E002FA498 /* AppDelegate.h */,
				ABAFB59B15AB9A2E002FA498 /* AppDelegate.m */,
				BFAB78D117B2A67E00E91ADE /* BakerAnalyticsEvents.h */,
				BFAB78D217B2A67E00E91ADE /* BakerAnalyticsEvents.m */,
				ABAFB59215AB9A2E002FA498 /* Supporting Files */,
			);
			path = Baker;
			sourceTree = "<group>";
		};
		ABAFB59215AB9A2E002FA498 /* Supporting Files */ = {
			isa = PBXGroup;
			children = (
				F96D1D0919FF881800B02EC6 /* InfoPlist.strings */,
				F9DF237518E9A3560002B5EC /* TermsOfSubscription.txt */,
				F9DF237618E9A3560002B5EC /* PrivacyPolicy.txt */,
				F9DF237718E9A3560002B5EC /* TermsAndConditions.txt */,
				20CC551F16AD346900DEFB5C /* Localizable.strings */,
				BF3CCC9D15D080560087B9CA /* icon */,
				ABAFB59315AB9A2E002FA498 /* ISBaker-Info.plist */,
				ABAFB59715AB9A2E002FA498 /* main.m */,
				ABAFB59915AB9A2E002FA498 /* ISBaker-Prefix.pch */,
			);
			name = "Supporting Files";
			sourceTree = "<group>";
		};
		BF3CCC9D15D080560087B9CA /* icon */ = {
			isa = PBXGroup;
			children = (
			);
			path = icon;
			sourceTree = "<group>";
		};
		F92D434418D0C65D0063F052 /* PDFReader */ = {
			isa = PBXGroup;
			children = (
				F92D434518D0C65D0063F052 /* CGPDFDocument.h */,
				F92D434618D0C65D0063F052 /* CGPDFDocument.m */,
				F92D434718D0C65D0063F052 /* ReaderConstants.h */,
				F92D434818D0C65D0063F052 /* ReaderConstants.m */,
				F92D434918D0C65D0063F052 /* ReaderContentPage.h */,
				F92D434A18D0C65D0063F052 /* ReaderContentPage.m */,
				F92D434B18D0C65D0063F052 /* ReaderContentTile.h */,
				F92D434C18D0C65D0063F052 /* ReaderContentTile.m */,
				F92D434D18D0C65D0063F052 /* ReaderContentView.h */,
				F92D434E18D0C65D0063F052 /* ReaderContentView.m */,
				F92D434F18D0C65D0063F052 /* ReaderDocument.h */,
				F92D435018D0C65D0063F052 /* ReaderDocument.m */,
				F92D435118D0C65D0063F052 /* ReaderDocumentOutline.h */,
				F92D435218D0C65D0063F052 /* ReaderDocumentOutline.m */,
				F92D435318D0C65D0063F052 /* ReaderMainPagebar.h */,
				F92D435418D0C65D0063F052 /* ReaderMainPagebar.m */,
				F92D435518D0C65D0063F052 /* ReaderMainToolbar.h */,
				F92D435618D0C65D0063F052 /* ReaderMainToolbar.m */,
				F92D435718D0C65D0063F052 /* ReaderThumbCache.h */,
				F92D435818D0C65D0063F052 /* ReaderThumbCache.m */,
				F92D435918D0C65D0063F052 /* ReaderThumbFetch.h */,
				F92D435A18D0C65D0063F052 /* ReaderThumbFetch.m */,
				F92D435B18D0C65D0063F052 /* ReaderThumbQueue.h */,
				F92D435C18D0C65D0063F052 /* ReaderThumbQueue.m */,
				F92D435D18D0C65D0063F052 /* ReaderThumbRender.h */,
				F92D435E18D0C65D0063F052 /* ReaderThumbRender.m */,
				F92D435F18D0C65D0063F052 /* ReaderThumbRequest.h */,
				F92D436018D0C65D0063F052 /* ReaderThumbRequest.m */,
				F92D436118D0C65D0063F052 /* ReaderThumbsView.h */,
				F92D436218D0C65D0063F052 /* ReaderThumbsView.m */,
				F92D436318D0C65D0063F052 /* ReaderThumbView.h */,
				F92D436418D0C65D0063F052 /* ReaderThumbView.m */,
				F92D436518D0C65D0063F052 /* ReaderViewController.h */,
				F92D436618D0C65D0063F052 /* ReaderViewController.m */,
				F92D436718D0C65D0063F052 /* ThumbsMainToolbar.h */,
				F92D436818D0C65D0063F052 /* ThumbsMainToolbar.m */,
				F92D436918D0C65D0063F052 /* ThumbsViewController.h */,
				F92D436A18D0C65D0063F052 /* ThumbsViewController.m */,
				F92D436B18D0C65D0063F052 /* UIXToolbarView.h */,
				F92D436C18D0C65D0063F052 /* UIXToolbarView.m */,
			);
			path = PDFReader;
			sourceTree = "<group>";
		};
/* End PBXGroup section */

/* Begin PBXNativeTarget section */
		ABAFB58615AB9A2E002FA498 /* ISBaker */ = {
			isa = PBXNativeTarget;
			buildConfigurationList = ABAFB5B415AB9A2F002FA498 /* Build configuration list for PBXNativeTarget "ISBaker" */;
			buildPhases = (
				ABAFB58315AB9A2E002FA498 /* Sources */,
				ABAFB58415AB9A2E002FA498 /* Frameworks */,
				ABAFB58515AB9A2E002FA498 /* Resources */,
			);
			buildRules = (
			);
			dependencies = (
			);
			name = ISBaker;
			productName = Baker;
			productReference = ABAFB58715AB9A2E002FA498 /* ISBaker.app */;
			productType = "com.apple.product-type.application";
		};
/* End PBXNativeTarget section */

/* Begin PBXProject section */
		ABAFB57E15AB9A2E002FA498 /* Project object */ = {
			isa = PBXProject;
			attributes = {
				LastUpgradeCheck = 0510;
				TargetAttributes = {
					ABAFB58615AB9A2E002FA498 = {
						DevelopmentTeam = 662CAG2WLB;
					};
				};
			};
			buildConfigurationList = ABAFB58115AB9A2E002FA498 /* Build configuration list for PBXProject "ISBaker" */;
			compatibilityVersion = "Xcode 3.2";
			developmentRegion = English;
			hasScannedForEncodings = 0;
			knownRegions = (
				en,
				ru,
			);
			mainGroup = ABAFB57C15AB9A2E002FA498;
			productRefGroup = ABAFB58815AB9A2E002FA498 /* Products */;
			projectDirPath = "";
			projectRoot = "";
			targets = (
				ABAFB58615AB9A2E002FA498 /* ISBaker */,
			);
		};
/* End PBXProject section */

/* Begin PBXResourcesBuildPhase section */
		ABAFB58515AB9A2E002FA498 /* Resources */ = {
			isa = PBXResourcesBuildPhase;
			buildActionMask = 2147483647;
			files = (
				F9DF237818E9A3560002B5EC /* TermsOfSubscription.txt in Resources */,
				F96D1D1019FF956D00B02EC6 /* newsstand-app-icon@3x.png in Resources */,
				F96D1D0F19FF956D00B02EC6 /* newsstand-app-icon@2x.png in Resources */,
				F96D1D0719FF881800B02EC6 /* InfoPlist.strings in Resources */,
				F9DF237918E9A3560002B5EC /* PrivacyPolicy.txt in Resources */,
				BF78D1B0180C8F070093DFBC /* BakerAssets.xcassets in Resources */,
				F9DF237A18E9A3560002B5EC /* TermsAndConditions.txt in Resources */,
				20CC551D16AD346900DEFB5C /* Localizable.strings in Resources */,
				F96D1D0E19FF956D00B02EC6 /* newsstand-app-icon.png in Resources */,
			);
			runOnlyForDeploymentPostprocessing = 0;
		};
/* End PBXResourcesBuildPhase section */

/* Begin PBXSourcesBuildPhase section */
		ABAFB58315AB9A2E002FA498 /* Sources */ = {
			isa = PBXSourcesBuildPhase;
			buildActionMask = 2147483647;
			files = (
				F92D436E18D0C65D0063F052 /* ReaderConstants.m in Sources */,
				F95E006B18D1830A0025ED95 /* InterceptorWindow.m in Sources */,
				ABAFB59815AB9A2E002FA498 /* main.m in Sources */,
				ABAFB59C15AB9A2E002FA498 /* AppDelegate.m in Sources */,
				F92D437818D0C65D0063F052 /* ReaderThumbQueue.m in Sources */,
				F92D436F18D0C65D0063F052 /* ReaderContentPage.m in Sources */,
				F92D437718D0C65D0063F052 /* ReaderThumbFetch.m in Sources */,
				F92D437D18D0C65D0063F052 /* ReaderViewController.m in Sources */,
				F92D437918D0C65D0063F052 /* ReaderThumbRender.m in Sources */,
				9FF795A715B4C57E00899E51 /* ShelfViewController.m in Sources */,
				F92D438818D0F9230063F052 /* Utils.m in Sources */,
				F92D437518D0C65D0063F052 /* ReaderMainToolbar.m in Sources */,
				F92D437B18D0C65D0063F052 /* ReaderThumbsView.m in Sources */,
				9F58D85115D66E870027902C /* UICustomNavigationBar.m in Sources */,
				9F58D85215D66E870027902C /* UICustomNavigationController.m in Sources */,
				F92D437018D0C65D0063F052 /* ReaderContentTile.m in Sources */,
				F92D437C18D0C65D0063F052 /* ReaderThumbView.m in Sources */,
				9F5EB3BD15FCA3A100E13796 /* NSString+Extensions.m in Sources */,
				F92D437E18D0C65D0063F052 /* ThumbsMainToolbar.m in Sources */,
				F92D437A18D0C65D0063F052 /* ReaderThumbRequest.m in Sources */,
				F92D437618D0C65D0063F052 /* ReaderThumbCache.m in Sources */,
				ABD7D45F1616FC5B008B13B5 /* BakerIssue.m in Sources */,
				ABC270D11616F3CB00AD97E9 /* IssuesManager.m in Sources */,
				F92D438518D0CBE40063F052 /* JSONStatus.m in Sources */,
				ABD24C1E1620309B0042E49C /* IssueViewController.m in Sources */,
				9FAB40DA162B13CF0088E9C1 /* UIColor+Extensions.m in Sources */,
				ABD6FC4016544EAD0032BC44 /* NSData+Base64.m in Sources */,
				F95E006E18D1880B0025ED95 /* InfoTableViewController.m in Sources */,
				AB2317D4169F808000BE3BE7 /* PurchasesManager.m in Sources */,
				ABDC05B216A4CB3900F6B63D /* ShelfStatus.m in Sources */,
				AB246A3116C5BC6E00715E25 /* NSMutableURLRequest+WebServiceClient.m in Sources */,
				F92D437F18D0C65D0063F052 /* ThumbsViewController.m in Sources */,
				F92D437418D0C65D0063F052 /* ReaderMainPagebar.m in Sources */,
				ABBFD8F216C6614300BA64A4 /* NSString+UUID.m in Sources */,
				F92D437118D0C65D0063F052 /* ReaderContentView.m in Sources */,
				ABADF3F916C7BAD900F52F3C /* NSURL+Extensions.m in Sources */,
				F92D436D18D0C65D0063F052 /* CGPDFDocument.m in Sources */,
				F92D437318D0C65D0063F052 /* ReaderDocumentOutline.m in Sources */,
				AB67F5BA16EE99B2005A04F6 /* Reachability.m in Sources */,
				F92D437218D0C65D0063F052 /* ReaderDocument.m in Sources */,
				ABF23B1D1708418E003AA3B0 /* BakerAPI.m in Sources */,
				BFAB78D317B2A67E00E91ADE /* BakerAnalyticsEvents.m in Sources */,
				F92D438018D0C65D0063F052 /* UIXToolbarView.m in Sources */,
				F9DF237418E9A2BA0002B5EC /* InfoTextViewController.m in Sources */,
			);
			runOnlyForDeploymentPostprocessing = 0;
		};
/* End PBXSourcesBuildPhase section */

/* Begin PBXVariantGroup section */
		20CC551F16AD346900DEFB5C /* Localizable.strings */ = {
			isa = PBXVariantGroup;
			children = (
				20CC551E16AD346900DEFB5C /* en */,
				F9DA96F919FE8EF400AAD23A /* ru */,
			);
			name = Localizable.strings;
			sourceTree = "<group>";
		};
		F96D1D0919FF881800B02EC6 /* InfoPlist.strings */ = {
			isa = PBXVariantGroup;
			children = (
				F96D1D0819FF881800B02EC6 /* ru */,
				F96D1D0A19FF881A00B02EC6 /* en */,
			);
			name = InfoPlist.strings;
			sourceTree = "<group>";
		};
/* End PBXVariantGroup section */

/* Begin XCBuildConfiguration section */
		ABAFB5B215AB9A2F002FA498 /* Debug */ = {
			isa = XCBuildConfiguration;
			buildSettings = {
				ALWAYS_SEARCH_USER_PATHS = NO;
				CLANG_WARN_BOOL_CONVERSION = YES;
				CLANG_WARN_CONSTANT_CONVERSION = YES;
				CLANG_WARN_EMPTY_BODY = YES;
				CLANG_WARN_ENUM_CONVERSION = YES;
				CLANG_WARN_INT_CONVERSION = YES;
				CLANG_WARN__DUPLICATE_METHOD_MATCH = YES;
				"CODE_SIGN_IDENTITY[sdk=iphoneos*]" = "iPhone Developer: Ivan Shamatov (D7BK746J79)";
				COPY_PHASE_STRIP = NO;
				GCC_C_LANGUAGE_STANDARD = gnu99;
				GCC_DYNAMIC_NO_PIC = NO;
				GCC_OPTIMIZATION_LEVEL = 0;
				GCC_PREPROCESSOR_DEFINITIONS = (
					"DEBUG=1",
					"$(inherited)",
				);
				GCC_SYMBOLS_PRIVATE_EXTERN = NO;
				GCC_VERSION = com.apple.compilers.llvm.clang.1_0;
				GCC_WARN_64_TO_32_BIT_CONVERSION = YES;
				GCC_WARN_ABOUT_RETURN_TYPE = YES;
				GCC_WARN_UNDECLARED_SELECTOR = YES;
				GCC_WARN_UNINITIALIZED_AUTOS = YES;
				GCC_WARN_UNUSED_FUNCTION = YES;
				GCC_WARN_UNUSED_VARIABLE = YES;
				IPHONEOS_DEPLOYMENT_TARGET = 6.0;
				ONLY_ACTIVE_ARCH = YES;
				SDKROOT = iphoneos;
				TARGETED_DEVICE_FAMILY = 2;
			};
			name = Debug;
		};
		ABAFB5B315AB9A2F002FA498 /* Release */ = {
			isa = XCBuildConfiguration;
			buildSettings = {
				ALWAYS_SEARCH_USER_PATHS = NO;
				CLANG_WARN_BOOL_CONVERSION = YES;
				CLANG_WARN_CONSTANT_CONVERSION = YES;
				CLANG_WARN_EMPTY_BODY = YES;
				CLANG_WARN_ENUM_CONVERSION = YES;
				CLANG_WARN_INT_CONVERSION = YES;
				CLANG_WARN__DUPLICATE_METHOD_MATCH = YES;
				"CODE_SIGN_IDENTITY[sdk=iphoneos*]" = "iPhone Developer";
				COPY_PHASE_STRIP = YES;
				GCC_C_LANGUAGE_STANDARD = gnu99;
				GCC_VERSION = com.apple.compilers.llvm.clang.1_0;
				GCC_WARN_64_TO_32_BIT_CONVERSION = YES;
				GCC_WARN_ABOUT_RETURN_TYPE = YES;
				GCC_WARN_UNDECLARED_SELECTOR = YES;
				GCC_WARN_UNINITIALIZED_AUTOS = YES;
				GCC_WARN_UNUSED_FUNCTION = YES;
				GCC_WARN_UNUSED_VARIABLE = YES;
				IPHONEOS_DEPLOYMENT_TARGET = 6.0;
				OTHER_CFLAGS = "-DNS_BLOCK_ASSERTIONS=1";
				SDKROOT = iphoneos;
				TARGETED_DEVICE_FAMILY = 2;
				VALIDATE_PRODUCT = YES;
			};
			name = Release;
		};
		ABAFB5B515AB9A2F002FA498 /* Debug */ = {
			isa = XCBuildConfiguration;
			buildSettings = {
				ASSETCATALOG_COMPILER_APPICON_NAME = AppIcon;
				ASSETCATALOG_COMPILER_LAUNCHIMAGE_NAME = LaunchImage;
				CODE_SIGN_IDENTITY = "iPhone Developer";
				"CODE_SIGN_IDENTITY[sdk=iphoneos*]" = "iPhone Developer";
				GCC_PRECOMPILE_PREFIX_HEADER = YES;
				GCC_PREFIX_HEADER = "Baker/ISBaker-Prefix.pch";
				INFOPLIST_FILE = "Baker/ISBaker-Info.plist";
				IPHONEOS_DEPLOYMENT_TARGET = 7.1;
				PRODUCT_NAME = ISBaker;
				PROVISIONING_PROFILE = "";
				TARGETED_DEVICE_FAMILY = "1,2";
				WRAPPER_EXTENSION = app;
			};
			name = Debug;
		};
		ABAFB5B615AB9A2F002FA498 /* Release */ = {
			isa = XCBuildConfiguration;
			buildSettings = {
				ASSETCATALOG_COMPILER_APPICON_NAME = AppIcon;
				ASSETCATALOG_COMPILER_LAUNCHIMAGE_NAME = LaunchImage;
				CODE_SIGN_IDENTITY = "iPhone Developer";
				"CODE_SIGN_IDENTITY[sdk=iphoneos*]" = "iPhone Developer";
				GCC_PRECOMPILE_PREFIX_HEADER = YES;
				GCC_PREFIX_HEADER = "Baker/ISBaker-Prefix.pch";
				INFOPLIST_FILE = "Baker/ISBaker-Info.plist";
				IPHONEOS_DEPLOYMENT_TARGET = 7.1;
				PRODUCT_NAME = ISBaker;
				PROVISIONING_PROFILE = "";
				TARGETED_DEVICE_FAMILY = "1,2";
				WRAPPER_EXTENSION = app;
			};
			name = Release;
		};
/* End XCBuildConfiguration section */

/* Begin XCConfigurationList section */
		ABAFB58115AB9A2E002FA498 /* Build configuration list for PBXProject "ISBaker" */ = {
			isa = XCConfigurationList;
			buildConfigurations = (
				ABAFB5B215AB9A2F002FA498 /* Debug */,
				ABAFB5B315AB9A2F002FA498 /* Release */,
			);
			defaultConfigurationIsVisible = 0;
			defaultConfigurationName = Release;
		};
		ABAFB5B415AB9A2F002FA498 /* Build configuration list for PBXNativeTarget "ISBaker" */ = {
			isa = XCConfigurationList;
			buildConfigurations = (
				ABAFB5B515AB9A2F002FA498 /* Debug */,
				ABAFB5B615AB9A2F002FA498 /* Release */,
			);
			defaultConfigurationIsVisible = 0;
			defaultConfigurationName = Release;
		};
/* End XCConfigurationList section */
	};
	rootObject = ABAFB57E15AB9A2E002FA498 /* Project object */;
}
